<?xml version="1.0" encoding="utf-8"?>
<Project ToolsVersion="4.0" xmlns="http://schemas.microsoft.com/developer/msbuild/2003">
  <ItemGroup>
    <Filter Include="源文件">
      <UniqueIdentifier>{4FC737F1-C7A5-4376-A066-2A32D752A2FF}</UniqueIdentifier>
      <Extensions>cpp;c;cc;cxx;c++;cppm;ixx;def;odl;idl;hpj;bat;asm;asmx</Extensions>
    </Filter>
    <Filter Include="头文件">
      <UniqueIdentifier>{93995380-89BD-4b04-88EB-625FBE52EBFB}</UniqueIdentifier>
      <Extensions>h;hh;hpp;hxx;h++;hm;inl;inc;ipp;xsd</Extensions>
    </Filter>
    <Filter Include="资源文件">
      <UniqueIdentifier>{67DA6AB6-F800-4c08-8B7A-83BB121AAD01}</UniqueIdentifier>
      <Extensions>rc;ico;cur;bmp;dlg;rc2;rct;bin;rgs;gif;jpg;jpeg;jpe;resx;tiff;tif;png;wav;mfcribbon-ms</Extensions>
    </Filter>
    <Filter Include="资源文件\hlsli">
      <UniqueIdentifier>{c929efe6-fee6-4e1c-835f-13b78414a73e}</UniqueIdentifier>
    </Filter>
    <Filter Include="资源文件\VertexShader">
      <UniqueIdentifier>{43370f4c-fe01-49bd-bfee-23b6889da834}</UniqueIdentifier>
    </Filter>
    <Filter Include="资源文件\PixelShader">
      <UniqueIdentifier>{f963a060-5922-4988-b3f7-3671ce20815a}</UniqueIdentifier>
    </Filter>
  </ItemGroup>
  <ItemGroup>
    <ClCompile Include="Main.cpp">
      <Filter>源文件</Filter>
    </ClCompile>
    <ClCompile Include="D3DApp.cpp">
      <Filter>源文件</Filter>
    </ClCompile>
    <ClCompile Include="CpuTimer.cpp">
      <Filter>源文件</Filter>
    </ClCompile>
    <ClCompile Include="DXTrace.cpp">
      <Filter>源文件</Filter>
    </ClCompile>
    <ClCompile Include="d3dUtil.cpp">
      <Filter>源文件</Filter>
    </ClCompile>
    <ClCompile Include="GameApp.cpp">
      <Filter>源文件</Filter>
    </ClCompile>
    <ClCompile Include="Shader.cpp">
      <Filter>源文件</Filter>
    </ClCompile>
    <ClCompile Include="Texture.cpp">
      <Filter>源文件</Filter>
    </ClCompile>
    <ClCompile Include="MeshBuffer.cpp">
      <Filter>源文件</Filter>
    </ClCompile>
    <ClCompile Include="Cube.cpp">
      <Filter>源文件</Filter>
    </ClCompile>
    <ClCompile Include="CameraBase.cpp">
      <Filter>源文件</Filter>
    </ClCompile>
    <ClCompile Include="Transform.cpp">
      <Filter>源文件</Filter>
    </ClCompile>
    <ClCompile Include="FirstPersonCamera.cpp">
      <Filter>源文件</Filter>
    </ClCompile>
    <ClCompile Include="KInput.cpp">
      <Filter>源文件</Filter>
    </ClCompile>
  </ItemGroup>
  <ItemGroup>
    <ClInclude Include="WinMin.h">
      <Filter>头文件</Filter>
    </ClInclude>
    <ClInclude Include="D3DApp.h">
      <Filter>头文件</Filter>
    </ClInclude>
    <ClInclude Include="CpuTimer.h">
      <Filter>头文件</Filter>
    </ClInclude>
    <ClInclude Include="DXTrace.h">
      <Filter>头文件</Filter>
    </ClInclude>
    <ClInclude Include="d3dUtil.h">
      <Filter>头文件</Filter>
    </ClInclude>
    <ClInclude Include="GameApp.h">
      <Filter>头文件</Filter>
    </ClInclude>
    <ClInclude Include="Shader.h">
      <Filter>头文件</Filter>
    </ClInclude>
    <ClInclude Include="Texture.h">
      <Filter>头文件</Filter>
    </ClInclude>
    <ClInclude Include="MeshBuffer.h">
      <Filter>头文件</Filter>
    </ClInclude>
    <ClInclude Include="Cube.h">
      <Filter>头文件</Filter>
    </ClInclude>
    <ClInclude Include="CameraBase.h">
      <Filter>头文件</Filter>
    </ClInclude>
    <ClInclude Include="Transform.h">
      <Filter>头文件</Filter>
    </ClInclude>
    <ClInclude Include="FirstPersonCamera.h">
      <Filter>头文件</Filter>
    </ClInclude>
    <ClInclude Include="KInput.h">
      <Filter>头文件</Filter>
    </ClInclude>
  </ItemGroup>
  <ItemGroup>
    <None Include="Triangle.hlsli">
      <Filter>资源文件\hlsli</Filter>
    </None>
  </ItemGroup>
  <ItemGroup>
    <FxCompile Include="PS_Triangle.hlsl">
      <Filter>资源文件\PixelShader</Filter>
    </FxCompile>
    <FxCompile Include="VS_Triangle.hlsl">
      <Filter>资源文件\VertexShader</Filter>
    </FxCompile>
    <FxCompile Include="PS_Geometry.hlsl">
      <Filter>资源文件\PixelShader</Filter>
    </FxCompile>
    <FxCompile Include="VS_Geometry.hlsl">
      <Filter>资源文件\VertexShader</Filter>
    </FxCompile>
  </ItemGroup>
</Project>